// !$*UTF8*$!
{
	archiveVersion = 1;
	classes = {
	};
	objectVersion = 46;
	objects = {

/* Begin PBXBuildFile section */
		9E40C9B71E5E33CA00E74AB0 /* PhotoAlbumViewController.swift in Sources */ = {isa = PBXBuildFile; fileRef = 9E40C9B61E5E33CA00E74AB0 /* PhotoAlbumViewController.swift */; };
		9E758FB81E591E6B00865E75 /* AppDelegate.swift in Sources */ = {isa = PBXBuildFile; fileRef = 9E758FB71E591E6B00865E75 /* AppDelegate.swift */; };
		9E758FBD1E591E6B00865E75 /* Main.storyboard in Resources */ = {isa = PBXBuildFile; fileRef = 9E758FBB1E591E6B00865E75 /* Main.storyboard */; };
		9E758FC01E591E6B00865E75 /* Model.xcdatamodeld in Sources */ = {isa = PBXBuildFile; fileRef = 9E758FBE1E591E6B00865E75 /* Model.xcdatamodeld */; };
		9E758FC21E591E6B00865E75 /* Assets.xcassets in Resources */ = {isa = PBXBuildFile; fileRef = 9E758FC11E591E6B00865E75 /* Assets.xcassets */; };
		9E758FD41E591F0200865E75 /* FlickerHandler.swift in Sources */ = {isa = PBXBuildFile; fileRef = 9E758FD31E591F0200865E75 /* FlickerHandler.swift */; };
		9E758FF91E5933E300865E75 /* CollectionViewCell.swift in Sources */ = {isa = PBXBuildFile; fileRef = 9E758FF81E5933E300865E75 /* CollectionViewCell.swift */; };
		9E83A3DF1E5CF39F00C72FA3 /* MapViewController.swift in Sources */ = {isa = PBXBuildFile; fileRef = 9E83A3DE1E5CF39F00C72FA3 /* MapViewController.swift */; };
		9E83A3E11E5CF3C300C72FA3 /* PinAnnotationView.swift in Sources */ = {isa = PBXBuildFile; fileRef = 9E83A3E01E5CF3C300C72FA3 /* PinAnnotationView.swift */; };
		9E99410D1E5E74EC001325FD /* ImageViewController.swift in Sources */ = {isa = PBXBuildFile; fileRef = 9E99410C1E5E74EC001325FD /* ImageViewController.swift */; };
		9E9941161E61171C001325FD /* ModelController.swift in Sources */ = {isa = PBXBuildFile; fileRef = 9E9941151E61171C001325FD /* ModelController.swift */; };
		9E9941181E611761001325FD /* ShowsAlert.swift in Sources */ = {isa = PBXBuildFile; fileRef = 9E9941171E611761001325FD /* ShowsAlert.swift */; };
		9E99411A1E611A49001325FD /* PhotoAlbumViewControllerExtensions.swift in Sources */ = {isa = PBXBuildFile; fileRef = 9E9941191E611A49001325FD /* PhotoAlbumViewControllerExtensions.swift */; };
		BE61B1AFA9476B0D24C96267 /* Pods_VT.framework in Frameworks */ = {isa = PBXBuildFile; fileRef = 550C94BCBFFE98BF89A4F9AC /* Pods_VT.framework */; };
/* End PBXBuildFile section */

/* Begin PBXFileReference section */
		0918F61ACB0A6C68E4D8B792 /* Pods-VT.debug.xcconfig */ = {isa = PBXFileReference; includeInIndex = 1; lastKnownFileType = text.xcconfig; name = "Pods-VT.debug.xcconfig"; path = "Pods/Target Support Files/Pods-VT/Pods-VT.debug.xcconfig"; sourceTree = "<group>"; };
		4431DBBC55D0B1A721408D90 /* Pods-VT.release.xcconfig */ = {isa = PBXFileReference; includeInIndex = 1; lastKnownFileType = text.xcconfig; name = "Pods-VT.release.xcconfig"; path = "Pods/Target Support Files/Pods-VT/Pods-VT.release.xcconfig"; sourceTree = "<group>"; };
		550C94BCBFFE98BF89A4F9AC /* Pods_VT.framework */ = {isa = PBXFileReference; explicitFileType = wrapper.framework; includeInIndex = 0; path = Pods_VT.framework; sourceTree = BUILT_PRODUCTS_DIR; };
		9E40C9B61E5E33CA00E74AB0 /* PhotoAlbumViewController.swift */ = {isa = PBXFileReference; fileEncoding = 4; lastKnownFileType = sourcecode.swift; path = PhotoAlbumViewController.swift; sourceTree = "<group>"; };
		9E758FB41E591E6B00865E75 /* VirtualTourist.app */ = {isa = PBXFileReference; explicitFileType = wrapper.application; includeInIndex = 0; path = VirtualTourist.app; sourceTree = BUILT_PRODUCTS_DIR; };
		9E758FB71E591E6B00865E75 /* AppDelegate.swift */ = {isa = PBXFileReference; lastKnownFileType = sourcecode.swift; path = AppDelegate.swift; sourceTree = "<group>"; };
		9E758FBC1E591E6B00865E75 /* Base */ = {isa = PBXFileReference; lastKnownFileType = file.storyboard; name = Base; path = Base.lproj/Main.storyboard; sourceTree = "<group>"; };
		9E758FBF1E591E6B00865E75 /* Model.xcdatamodel */ = {isa = PBXFileReference; lastKnownFileType = wrapper.xcdatamodel; path = Model.xcdatamodel; sourceTree = "<group>"; };
		9E758FC11E591E6B00865E75 /* Assets.xcassets */ = {isa = PBXFileReference; lastKnownFileType = folder.assetcatalog; path = Assets.xcassets; sourceTree = "<group>"; };
		9E758FC61E591E6B00865E75 /* Info.plist */ = {isa = PBXFileReference; lastKnownFileType = text.plist.xml; path = Info.plist; sourceTree = "<group>"; };
		9E758FD31E591F0200865E75 /* FlickerHandler.swift */ = {isa = PBXFileReference; fileEncoding = 4; lastKnownFileType = sourcecode.swift; path = FlickerHandler.swift; sourceTree = "<group>"; };
		9E758FF81E5933E300865E75 /* CollectionViewCell.swift */ = {isa = PBXFileReference; fileEncoding = 4; lastKnownFileType = sourcecode.swift; path = CollectionViewCell.swift; sourceTree = "<group>"; };
		9E83A3DE1E5CF39F00C72FA3 /* MapViewController.swift */ = {isa = PBXFileReference; fileEncoding = 4; lastKnownFileType = sourcecode.swift; path = MapViewController.swift; sourceTree = "<group>"; };
		9E83A3E01E5CF3C300C72FA3 /* PinAnnotationView.swift */ = {isa = PBXFileReference; fileEncoding = 4; lastKnownFileType = sourcecode.swift; path = PinAnnotationView.swift; sourceTree = "<group>"; };
		9E99410C1E5E74EC001325FD /* ImageViewController.swift */ = {isa = PBXFileReference; fileEncoding = 4; lastKnownFileType = sourcecode.swift; path = ImageViewController.swift; sourceTree = "<group>"; };
		9E9941151E61171C001325FD /* ModelController.swift */ = {isa = PBXFileReference; fileEncoding = 4; lastKnownFileType = sourcecode.swift; path = ModelController.swift; sourceTree = "<group>"; };
		9E9941171E611761001325FD /* ShowsAlert.swift */ = {isa = PBXFileReference; fileEncoding = 4; lastKnownFileType = sourcecode.swift; path = ShowsAlert.swift; sourceTree = "<group>"; };
		9E9941191E611A49001325FD /* PhotoAlbumViewControllerExtensions.swift */ = {isa = PBXFileReference; fileEncoding = 4; lastKnownFileType = sourcecode.swift; path = PhotoAlbumViewControllerExtensions.swift; sourceTree = "<group>"; };
/* End PBXFileReference section */

/* Begin PBXFrameworksBuildPhase section */
		9E758FB11E591E6B00865E75 /* Frameworks */ = {
			isa = PBXFrameworksBuildPhase;
			buildActionMask = 2147483647;
			files = (
				BE61B1AFA9476B0D24C96267 /* Pods_VT.framework in Frameworks */,
			);
			runOnlyForDeploymentPostprocessing = 0;
		};
/* End PBXFrameworksBuildPhase section */

/* Begin PBXGroup section */
		33DE9DD48891A5144C743A5D /* Frameworks */ = {
			isa = PBXGroup;
			children = (
				550C94BCBFFE98BF89A4F9AC /* Pods_VT.framework */,
			);
			name = Frameworks;
			sourceTree = "<group>";
		};
		9E758FAB1E591E6B00865E75 = {
			isa = PBXGroup;
			children = (
				9E758FB61E591E6B00865E75 /* VirtualTourist */,
				9E758FB51E591E6B00865E75 /* Products */,
				E1D06DB5D80BE52C0366BAB2 /* Pods */,
				33DE9DD48891A5144C743A5D /* Frameworks */,
			);
			sourceTree = "<group>";
		};
		9E758FB51E591E6B00865E75 /* Products */ = {
			isa = PBXGroup;
			children = (
				9E758FB41E591E6B00865E75 /* VirtualTourist.app */,
			);
			name = Products;
			sourceTree = "<group>";
		};
		9E758FB61E591E6B00865E75 /* VirtualTourist */ = {
			isa = PBXGroup;
			children = (
				9E758FB71E591E6B00865E75 /* AppDelegate.swift */,
				9E758FC61E591E6B00865E75 /* Info.plist */,
				9E99411B1E620E62001325FD /* Assets */,
				9E758FD01E591EC400865E75 /* Model */,
				9E9941141E61101E001325FD /* Controllers */,
				9E9941131E610FD6001325FD /* Views */,
				9E9941121E610FAC001325FD /* View Controllers */,
			);
			name = VirtualTourist;
			path = VT;
			sourceTree = "<group>";
		};
		9E758FD01E591EC400865E75 /* Model */ = {
			isa = PBXGroup;
			children = (
				9E758FBE1E591E6B00865E75 /* Model.xcdatamodeld */,
			);
			name = Model;
			sourceTree = "<group>";
		};
		9E9941121E610FAC001325FD /* View Controllers */ = {
			isa = PBXGroup;
			children = (
				9E83A3DE1E5CF39F00C72FA3 /* MapViewController.swift */,
				9E40C9B61E5E33CA00E74AB0 /* PhotoAlbumViewController.swift */,
				9E9941191E611A49001325FD /* PhotoAlbumViewControllerExtensions.swift */,
				9E99410C1E5E74EC001325FD /* ImageViewController.swift */,
			);
			name = "View Controllers";
			sourceTree = "<group>";
		};
		9E9941131E610FD6001325FD /* Views */ = {
			isa = PBXGroup;
			children = (
				9E83A3E01E5CF3C300C72FA3 /* PinAnnotationView.swift */,
				9E758FF81E5933E300865E75 /* CollectionViewCell.swift */,
			);
			name = Views;
			sourceTree = "<group>";
		};
		9E9941141E61101E001325FD /* Controllers */ = {
			isa = PBXGroup;
			children = (
				9E758FD31E591F0200865E75 /* FlickerHandler.swift */,
				9E9941151E61171C001325FD /* ModelController.swift */,
				9E9941171E611761001325FD /* ShowsAlert.swift */,
			);
			name = Controllers;
			sourceTree = "<group>";
		};
		9E99411B1E620E62001325FD /* Assets */ = {
			isa = PBXGroup;
			children = (
				9E758FC11E591E6B00865E75 /* Assets.xcassets */,
				9E758FBB1E591E6B00865E75 /* Main.storyboard */,
			);
			name = Assets;
			sourceTree = "<group>";
		};
		E1D06DB5D80BE52C0366BAB2 /* Pods */ = {
			isa = PBXGroup;
			children = (
				0918F61ACB0A6C68E4D8B792 /* Pods-VT.debug.xcconfig */,
				4431DBBC55D0B1A721408D90 /* Pods-VT.release.xcconfig */,
			);
			name = Pods;
			sourceTree = "<group>";
		};
/* End PBXGroup section */

/* Begin PBXNativeTarget section */
		9E758FB31E591E6B00865E75 /* VirtualTourist */ = {
			isa = PBXNativeTarget;
			buildConfigurationList = 9E758FC91E591E6B00865E75 /* Build configuration list for PBXNativeTarget "VirtualTourist" */;
			buildPhases = (
				46F31738C8B5D06D2388B85D /* [CP] Check Pods Manifest.lock */,
				9E758FB01E591E6B00865E75 /* Sources */,
				9E758FB11E591E6B00865E75 /* Frameworks */,
				9E758FB21E591E6B00865E75 /* Resources */,
				212CE6A00FC114F44C45E678 /* [CP] Embed Pods Frameworks */,
				FFC03D16B658BB9270097800 /* [CP] Copy Pods Resources */,
			);
			buildRules = (
			);
			dependencies = (
			);
			name = VirtualTourist;
			productName = VT;
			productReference = 9E758FB41E591E6B00865E75 /* VirtualTourist.app */;
			productType = "com.apple.product-type.application";
		};
/* End PBXNativeTarget section */

/* Begin PBXProject section */
		9E758FAC1E591E6B00865E75 /* Project object */ = {
			isa = PBXProject;
			attributes = {
				LastSwiftUpdateCheck = 0830;
				LastUpgradeCheck = 0830;
				ORGANIZATIONNAME = "Jason Southwell";
				TargetAttributes = {
					9E758FB31E591E6B00865E75 = {
						CreatedOnToolsVersion = 8.3;
						DevelopmentTeam = 5PDMD78Q2H;
						ProvisioningStyle = Automatic;
					};
				};
			};
			buildConfigurationList = 9E758FAF1E591E6B00865E75 /* Build configuration list for PBXProject "VirtualTourist" */;
			compatibilityVersion = "Xcode 3.2";
			developmentRegion = English;
			hasScannedForEncodings = 0;
			knownRegions = (
				en,
				Base,
			);
			mainGroup = 9E758FAB1E591E6B00865E75;
			productRefGroup = 9E758FB51E591E6B00865E75 /* Products */;
			projectDirPath = "";
			projectRoot = "";
			targets = (
				9E758FB31E591E6B00865E75 /* VirtualTourist */,
			);
		};
/* End PBXProject section */

/* Begin PBXResourcesBuildPhase section */
		9E758FB21E591E6B00865E75 /* Resources */ = {
			isa = PBXResourcesBuildPhase;
			buildActionMask = 2147483647;
			files = (
				9E758FC21E591E6B00865E75 /* Assets.xcassets in Resources */,
				9E758FBD1E591E6B00865E75 /* Main.storyboard in Resources */,
			);
			runOnlyForDeploymentPostprocessing = 0;
		};
/* End PBXResourcesBuildPhase section */

/* Begin PBXShellScriptBuildPhase section */
		212CE6A00FC114F44C45E678 /* [CP] Embed Pods Frameworks */ = {
			isa = PBXShellScriptBuildPhase;
			buildActionMask = 2147483647;
			files = (
			);
			inputPaths = (
			);
			name = "[CP] Embed Pods Frameworks";
			outputPaths = (
			);
			runOnlyForDeploymentPostprocessing = 0;
			shellPath = /bin/sh;
			shellScript = "\"${SRCROOT}/Pods/Target Support Files/Pods-VT/Pods-VT-frameworks.sh\"\n";
			showEnvVarsInLog = 0;
		};
		46F31738C8B5D06D2388B85D /* [CP] Check Pods Manifest.lock */ = {
			isa = PBXShellScriptBuildPhase;
			buildActionMask = 2147483647;
			files = (
			);
			inputPaths = (
			);
			name = "[CP] Check Pods Manifest.lock";
			outputPaths = (
			);
			runOnlyForDeploymentPostprocessing = 0;
			shellPath = /bin/sh;
			shellScript = "diff \"${PODS_ROOT}/../Podfile.lock\" \"${PODS_ROOT}/Manifest.lock\" > /dev/null\nif [ $? != 0 ] ; then\n    # print error to STDERR\n    echo \"error: The sandbox is not in sync with the Podfile.lock. Run 'pod install' or update your CocoaPods installation.\" >&2\n    exit 1\nfi\n";
			showEnvVarsInLog = 0;
		};
		FFC03D16B658BB9270097800 /* [CP] Copy Pods Resources */ = {
			isa = PBXShellScriptBuildPhase;
			buildActionMask = 2147483647;
			files = (
			);
			inputPaths = (
			);
			name = "[CP] Copy Pods Resources";
			outputPaths = (
			);
			runOnlyForDeploymentPostprocessing = 0;
			shellPath = /bin/sh;
			shellScript = "\"${SRCROOT}/Pods/Target Support Files/Pods-VT/Pods-VT-resources.sh\"\n";
			showEnvVarsInLog = 0;
		};
/* End PBXShellScriptBuildPhase section */

/* Begin PBXSourcesBuildPhase section */
		9E758FB01E591E6B00865E75 /* Sources */ = {
			isa = PBXSourcesBuildPhase;
			buildActionMask = 2147483647;
			files = (
				9E40C9B71E5E33CA00E74AB0 /* PhotoAlbumViewController.swift in Sources */,
				9E9941161E61171C001325FD /* ModelController.swift in Sources */,
				9E99410D1E5E74EC001325FD /* ImageViewController.swift in Sources */,
				9E758FC01E591E6B00865E75 /* Model.xcdatamodeld in Sources */,
				9E9941181E611761001325FD /* ShowsAlert.swift in Sources */,
				9E99411A1E611A49001325FD /* PhotoAlbumViewControllerExtensions.swift in Sources */,
				9E758FF91E5933E300865E75 /* CollectionViewCell.swift in Sources */,
				9E758FB81E591E6B00865E75 /* AppDelegate.swift in Sources */,
				9E758FD41E591F0200865E75 /* FlickerHandler.swift in Sources */,
				9E83A3DF1E5CF39F00C72FA3 /* MapViewController.swift in Sources */,
				9E83A3E11E5CF3C300C72FA3 /* PinAnnotationView.swift in Sources */,
			);
			runOnlyForDeploymentPostprocessing = 0;
		};
/* End PBXSourcesBuildPhase section */

/* Begin PBXVariantGroup section */
		9E758FBB1E591E6B00865E75 /* Main.storyboard */ = {
			isa = PBXVariantGroup;
			children = (
				9E758FBC1E591E6B00865E75 /* Base */,
			);
			name = Main.storyboard;
			sourceTree = "<group>";
		};
/* End PBXVariantGroup section */

/* Begin XCBuildConfiguration section */
		9E758FC71E591E6B00865E75 /* Debug */ = {
			isa = XCBuildConfiguration;
			buildSettings = {
				ALWAYS_SEARCH_USER_PATHS = NO;
				CLANG_ANALYZER_NONNULL = YES;
				CLANG_ANALYZER_NUMBER_OBJECT_CONVERSION = YES_AGGRESSIVE;
				CLANG_CXX_LANGUAGE_STANDARD = "gnu++0x";
				CLANG_CXX_LIBRARY = "libc++";
				CLANG_ENABLE_MODULES = YES;
				CLANG_ENABLE_OBJC_ARC = YES;
				CLANG_WARN_BOOL_CONVERSION = YES;
				CLANG_WARN_CONSTANT_CONVERSION = YES;
				CLANG_WARN_DIRECT_OBJC_ISA_USAGE = YES_ERROR;
				CLANG_WARN_DOCUMENTATION_COMMENTS = YES;
				CLANG_WARN_EMPTY_BODY = YES;
				CLANG_WARN_ENUM_CONVERSION = YES;
				CLANG_WARN_INFINITE_RECURSION = YES;
				CLANG_WARN_INT_CONVERSION = YES;
				CLANG_WARN_OBJC_ROOT_CLASS = YES_ERROR;
				CLANG_WARN_SUSPICIOUS_MOVE = YES;
				CLANG_WARN_UNREACHABLE_CODE = YES;
				CLANG_WARN__DUPLICATE_METHOD_MATCH = YES;
				"CODE_SIGN_IDENTITY[sdk=iphoneos*]" = "iPhone Developer";
				COPY_PHASE_STRIP = NO;
				DEBUG_INFORMATION_FORMAT = dwarf;
				ENABLE_STRICT_OBJC_MSGSEND = YES;
				ENABLE_TESTABILITY = YES;
				GCC_C_LANGUAGE_STANDARD = gnu99;
				GCC_DYNAMIC_NO_PIC = NO;
				GCC_NO_COMMON_BLOCKS = YES;
				GCC_OPTIMIZATION_LEVEL = 0;
				GCC_PREPROCESSOR_DEFINITIONS = (
					"DEBUG=1",
					"$(inherited)",
				);
				GCC_WARN_64_TO_32_BIT_CONVERSION = YES;
				GCC_WARN_ABOUT_RETURN_TYPE = YES_ERROR;
				GCC_WARN_UNDECLARED_SELECTOR = YES;
				GCC_WARN_UNINITIALIZED_AUTOS = YES_AGGRESSIVE;
				GCC_WARN_UNUSED_FUNCTION = YES;
				GCC_WARN_UNUSED_VARIABLE = YES;
				IPHONEOS_DEPLOYMENT_TARGET = 10.3;
				MTL_ENABLE_DEBUG_INFO = YES;
				ONLY_ACTIVE_ARCH = YES;
				SDKROOT = iphoneos;
				SWIFT_ACTIVE_COMPILATION_CONDITIONS = DEBUG;
				SWIFT_OPTIMIZATION_LEVEL = "-Onone";
				TARGETED_DEVICE_FAMILY = "1,2";
			};
			name = Debug;
		};
		9E758FC81E591E6B00865E75 /* Release */ = {
			isa = XCBuildConfiguration;
			buildSettings = {
				ALWAYS_SEARCH_USER_PATHS = NO;
				CLANG_ANALYZER_NONNULL = YES;
				CLANG_ANALYZER_NUMBER_OBJECT_CONVERSION = YES_AGGRESSIVE;
				CLANG_CXX_LANGUAGE_STANDARD = "gnu++0x";
				CLANG_CXX_LIBRARY = "libc++";
				CLANG_ENABLE_MODULES = YES;
				CLANG_ENABLE_OBJC_ARC = YES;
				CLANG_WARN_BOOL_CONVERSION = YES;
				CLANG_WARN_CONSTANT_CONVERSION = YES;
				CLANG_WARN_DIRECT_OBJC_ISA_USAGE = YES_ERROR;
				CLANG_WARN_DOCUMENTATION_COMMENTS = YES;
				CLANG_WARN_EMPTY_BODY = YES;
				CLANG_WARN_ENUM_CONVERSION = YES;
				CLANG_WARN_INFINITE_RECURSION = YES;
				CLANG_WARN_INT_CONVERSION = YES;
				CLANG_WARN_OBJC_ROOT_CLASS = YES_ERROR;
				CLANG_WARN_SUSPICIOUS_MOVE = YES;
				CLANG_WARN_UNREACHABLE_CODE = YES;
				CLANG_WARN__DUPLICATE_METHOD_MATCH = YES;
				"CODE_SIGN_IDENTITY[sdk=iphoneos*]" = "iPhone Developer";
				COPY_PHASE_STRIP = NO;
				DEBUG_INFORMATION_FORMAT = "dwarf-with-dsym";
				ENABLE_NS_ASSERTIONS = NO;
				ENABLE_STRICT_OBJC_MSGSEND = YES;
				GCC_C_LANGUAGE_STANDARD = gnu99;
				GCC_NO_COMMON_BLOCKS = YES;
				GCC_WARN_64_TO_32_BIT_CONVERSION = YES;
				GCC_WARN_ABOUT_RETURN_TYPE = YES_ERROR;
				GCC_WARN_UNDECLARED_SELECTOR = YES;
				GCC_WARN_UNINITIALIZED_AUTOS = YES_AGGRESSIVE;
				GCC_WARN_UNUSED_FUNCTION = YES;
				GCC_WARN_UNUSED_VARIABLE = YES;
				IPHONEOS_DEPLOYMENT_TARGET = 10.3;
				MTL_ENABLE_DEBUG_INFO = NO;
				SDKROOT = iphoneos;
				SWIFT_OPTIMIZATION_LEVEL = "-Owholemodule";
				TARGETED_DEVICE_FAMILY = "1,2";
				VALIDATE_PRODUCT = YES;
			};
			name = Release;
		};
		9E758FCA1E591E6B00865E75 /* Debug */ = {
			isa = XCBuildConfiguration;
			baseConfigurationReference = 0918F61ACB0A6C68E4D8B792 /* Pods-VT.debug.xcconfig */;
			buildSettings = {
				ALWAYS_EMBED_SWIFT_STANDARD_LIBRARIES = YES;
				ASSETCATALOG_COMPILER_APPICON_NAME = AppIcon;
				DEVELOPMENT_TEAM = 5PDMD78Q2H;
				INFOPLIST_FILE = VT/Info.plist;
				LD_RUNPATH_SEARCH_PATHS = "$(inherited) @executable_path/Frameworks";
				PRODUCT_BUNDLE_IDENTIFIER = "jason-southwell.VT";
				PRODUCT_NAME = "$(TARGET_NAME)";
				SWIFT_VERSION = 3.0;
			};
			name = Debug;
		};
		9E758FCB1E591E6B00865E75 /* Release */ = {
			isa = XCBuildConfiguration;
			baseConfigurationReference = 4431DBBC55D0B1A721408D90 /* Pods-VT.release.xcconfig */;
			buildSettings = {
				ALWAYS_EMBED_SWIFT_STANDARD_LIBRARIES = YES;
				ASSETCATALOG_COMPILER_APPICON_NAME = AppIcon;
				DEVELOPMENT_TEAM = 5PDMD78Q2H;
				INFOPLIST_FILE = VT/Info.plist;
				LD_RUNPATH_SEARCH_PATHS = "$(inherited) @executable_path/Frameworks";
				PRODUCT_BUNDLE_IDENTIFIER = "jason-southwell.VT";
				PRODUCT_NAME = "$(TARGET_NAME)";
				SWIFT_VERSION = 3.0;
			};
			name = Release;
		};
/* End XCBuildConfiguration section */

/* Begin XCConfigurationList section */
		9E758FAF1E591E6B00865E75 /* Build configuration list for PBXProject "VirtualTourist" */ = {
			isa = XCConfigurationList;
			buildConfigurations = (
				9E758FC71E591E6B00865E75 /* Debug */,
				9E758FC81E591E6B00865E75 /* Release */,
			);
			defaultConfigurationIsVisible = 0;
			defaultConfigurationName = Release;
		};
		9E758FC91E591E6B00865E75 /* Build configuration list for PBXNativeTarget "VirtualTourist" */ = {
			isa = XCConfigurationList;
			buildConfigurations = (
				9E758FCA1E591E6B00865E75 /* Debug */,
				9E758FCB1E591E6B00865E75 /* Release */,
			);
			defaultConfigurationIsVisible = 0;
			defaultConfigurationName = Release;
		};
/* End XCConfigurationList section */

/* Begin XCVersionGroup section */
		9E758FBE1E591E6B00865E75 /* Model.xcdatamodeld */ = {
			isa = XCVersionGroup;
			children = (
				9E758FBF1E591E6B00865E75 /* Model.xcdatamodel */,
			);
			currentVersion = 9E758FBF1E591E6B00865E75 /* Model.xcdatamodel */;
			path = Model.xcdatamodeld;
			sourceTree = "<group>";
			versionGroupType = wrapper.xcdatamodel;
		};
/* End XCVersionGroup section */
	};
	rootObject = 9E758FAC1E591E6B00865E75 /* Project object */;
}
